
Microsoft Visual Studio Solution File, Format Version 12.00
# Visual Studio Version 16
VisualStudioVersion = 16.0.31702.278
MinimumVisualStudioVersion = 10.0.40219.1
Project("{9A19103F-16F7-4668-BE54-9A1E7A4F7556}") = "AlgorithmsSession", "AlgorithmsSession.csproj", "{BC447C21-89B5-4F7A-AEEB-2FDD509A61B5}"
EndProject
Global
	GlobalSection(SolutionConfigurationPlatforms) = preSolution
		Debug|Any CPU = Debug|Any CPU
		Release|Any CPU = Release|Any CPU
	EndGlobalSection
	GlobalSection(ProjectConfigurationPlatforms) = postSolution
		{BC447C21-89B5-4F7A-AEEB-2FDD509A61B5}.Debug|Any CPU.ActiveCfg = Debug|Any CPU
		{BC447C21-89B5-4F7A-AEEB-2FDD509A61B5}.Debug|Any CPU.Build.0 = Debug|Any CPU
		{BC447C21-89B5-4F7A-AEEB-2FDD509A61B5}.Release|Any CPU.ActiveCfg = Release|Any CPU
		{BC447C21-89B5-4F7A-AEEB-2FDD509A61B5}.Release|Any CPU.Build.0 = Release|Any CPU
	EndGlobalSection
	GlobalSection(SolutionProperties) = preSolution
		HideSolutionNode = FALSE
	EndGlobalSection
	GlobalSection(ExtensibilityGlobals) = postSolution
		SolutionGuid = {BC82BF50-7234-4F43-943B-06A350079D2F}
	EndGlobalSection
EndGlobal
